
Microsoft Visual Studio Solution File, Format Version 12.00
# Visual Studio Version 16
VisualStudioVersion = 16.0.31424.327
MinimumVisualStudioVersion = 10.0.40219.1
Project("{F184B08F-C81C-45F6-A57F-5ABD9991F28F}") = "LoginVB", "LoginVB\LoginVB.vbproj", "{60D2C873-2833-4299-8098-DFB0AD3B6427}"
EndProject
Global
	GlobalSection(SolutionConfigurationPlatforms) = preSolution
		Debug|Any CPU = Debug|Any CPU
		Release|Any CPU = Release|Any CPU
	EndGlobalSection
	GlobalSection(ProjectConfigurationPlatforms) = postSolution
		{60D2C873-2833-4299-8098-DFB0AD3B6427}.Debug|Any CPU.ActiveCfg = Debug|Any CPU
		{60D2C873-2833-4299-8098-DFB0AD3B6427}.Debug|Any CPU.Build.0 = Debug|Any CPU
		{60D2C873-2833-4299-8098-DFB0AD3B6427}.Release|Any CPU.ActiveCfg = Release|Any CPU
		{60D2C873-2833-4299-8098-DFB0AD3B6427}.Release|Any CPU.Build.0 = Release|Any CPU
	EndGlobalSection
	GlobalSection(SolutionProperties) = preSolution
		HideSolutionNode = FALSE
	EndGlobalSection
	GlobalSection(ExtensibilityGlobals) = postSolution
		SolutionGuid = {7109750F-16E8-482C-81D7-9DB902B3CC0F}
	EndGlobalSection
EndGlobal
